
Microsoft Visual Studio Solution File, Format Version 12.00
# Visual Studio 15
VisualStudioVersion = 15.0.28010.2050
MinimumVisualStudioVersion = 10.0.40219.1
Project("{9A19103F-16F7-4668-BE54-9A1E7A4F7556}") = "HATE.Core", "HATE.Core\HATE.Core.csproj", "{61A17BA7-92A6-4402-B0CE-51274F6A5E29}"
EndProject
Project("{FAE04EC0-301F-11D3-BF4B-00C04F79EFBC}") = "HATE", "HATE\HATE.csproj", "{9FB6448A-58B4-4377-A16E-C5587B6D0F9A}"
EndProject
Global
	GlobalSection(SolutionConfigurationPlatforms) = preSolution
		Ad-Hoc|Any CPU = Ad-Hoc|Any CPU
		Ad-Hoc|ARM = Ad-Hoc|ARM
		Ad-Hoc|iPhone = Ad-Hoc|iPhone
		Ad-Hoc|iPhoneSimulator = Ad-Hoc|iPhoneSimulator
		Ad-Hoc|x64 = Ad-Hoc|x64
		Ad-Hoc|x86 = Ad-Hoc|x86
		AppStore|Any CPU = AppStore|Any CPU
		AppStore|ARM = AppStore|ARM
		AppStore|iPhone = AppStore|iPhone
		AppStore|iPhoneSimulator = AppStore|iPhoneSimulator
		AppStore|x64 = AppStore|x64
		AppStore|x86 = AppStore|x86
		Debug|Any CPU = Debug|Any CPU
		Debug|ARM = Debug|ARM
		Debug|iPhone = Debug|iPhone
		Debug|iPhoneSimulator = Debug|iPhoneSimulator
		Debug|x64 = Debug|x64
		Debug|x86 = Debug|x86
		Release|Any CPU = Release|Any CPU
		Release|ARM = Release|ARM
		Release|iPhone = Release|iPhone
		Release|iPhoneSimulator = Release|iPhoneSimulator
		Release|x64 = Release|x64
		Release|x86 = Release|x86
	EndGlobalSection
	GlobalSection(ProjectConfigurationPlatforms) = postSolution
		{61A17BA7-92A6-4402-B0CE-51274F6A5E29}.Ad-Hoc|Any CPU.ActiveCfg = Debug|Any CPU
		{61A17BA7-92A6-4402-B0CE-51274F6A5E29}.Ad-Hoc|Any CPU.Build.0 = Debug|Any CPU
		{61A17BA7-92A6-4402-B0CE-51274F6A5E29}.Ad-Hoc|ARM.ActiveCfg = Debug|Any CPU
		{61A17BA7-92A6-4402-B0CE-51274F6A5E29}.Ad-Hoc|ARM.Build.0 = Debug|Any CPU
		{61A17BA7-92A6-4402-B0CE-51274F6A5E29}.Ad-Hoc|iPhone.ActiveCfg = Debug|Any CPU
		{61A17BA7-92A6-4402-B0CE-51274F6A5E29}.Ad-Hoc|iPhone.Build.0 = Debug|Any CPU
		{61A17BA7-92A6-4402-B0CE-51274F6A5E29}.Ad-Hoc|iPhoneSimulator.ActiveCfg = Debug|Any CPU
		{61A17BA7-92A6-4402-B0CE-51274F6A5E29}.Ad-Hoc|iPhoneSimulator.Build.0 = Debug|Any CPU
		{61A17BA7-92A6-4402-B0CE-51274F6A5E29}.Ad-Hoc|x64.ActiveCfg = Debug|Any CPU
		{61A17BA7-92A6-4402-B0CE-51274F6A5E29}.Ad-Hoc|x64.Build.0 = Debug|Any CPU
		{61A17BA7-92A6-4402-B0CE-51274F6A5E29}.Ad-Hoc|x86.ActiveCfg = Debug|Any CPU
		{61A17BA7-92A6-4402-B0CE-51274F6A5E29}.Ad-Hoc|x86.Build.0 = Debug|Any CPU
		{61A17BA7-92A6-4402-B0CE-51274F6A5E29}.AppStore|Any CPU.ActiveCfg = Debug|Any CPU
		{61A17BA7-92A6-4402-B0CE-51274F6A5E29}.AppStore|Any CPU.Build.0 = Debug|Any CPU
		{61A17BA7-92A6-4402-B0CE-51274F6A5E29}.AppStore|ARM.ActiveCfg = Debug|Any CPU
		{61A17BA7-92A6-4402-B0CE-51274F6A5E29}.AppStore|ARM.Build.0 = Debug|Any CPU
		{61A17BA7-92A6-4402-B0CE-51274F6A5E29}.AppStore|iPhone.ActiveCfg = Debug|Any CPU
		{61A17BA7-92A6-4402-B0CE-51274F6A5E29}.AppStore|iPhone.Build.0 = Debug|Any CPU
		{61A17BA7-92A6-4402-B0CE-51274F6A5E29}.AppStore|iPhoneSimulator.ActiveCfg = Debug|Any CPU
		{61A17BA7-92A6-4402-B0CE-51274F6A5E29}.AppStore|iPhoneSimulator.Build.0 = Debug|Any CPU
		{61A17BA7-92A6-4402-B0CE-51274F6A5E29}.AppStore|x64.ActiveCfg = Debug|Any CPU
		{61A17BA7-92A6-4402-B0CE-51274F6A5E29}.AppStore|x64.Build.0 = Debug|Any CPU
		{61A17BA7-92A6-4402-B0CE-51274F6A5E29}.AppStore|x86.ActiveCfg = Debug|Any CPU
		{61A17BA7-92A6-4402-B0CE-51274F6A5E29}.AppStore|x86.Build.0 = Debug|Any CPU
		{61A17BA7-92A6-4402-B0CE-51274F6A5E29}.Debug|Any CPU.ActiveCfg = Debug|Any CPU
		{61A17BA7-92A6-4402-B0CE-51274F6A5E29}.Debug|Any CPU.Build.0 = Debug|Any CPU
		{61A17BA7-92A6-4402-B0CE-51274F6A5E29}.Debug|ARM.ActiveCfg = Debug|Any CPU
		{61A17BA7-92A6-4402-B0CE-51274F6A5E29}.Debug|ARM.Build.0 = Debug|Any CPU
		{61A17BA7-92A6-4402-B0CE-51274F6A5E29}.Debug|iPhone.ActiveCfg = Debug|Any CPU
		{61A17BA7-92A6-4402-B0CE-51274F6A5E29}.Debug|iPhone.Build.0 = Debug|Any CPU
		{61A17BA7-92A6-4402-B0CE-51274F6A5E29}.Debug|iPhoneSimulator.ActiveCfg = Debug|Any CPU
		{61A17BA7-92A6-4402-B0CE-51274F6A5E29}.Debug|iPhoneSimulator.Build.0 = Debug|Any CPU
		{61A17BA7-92A6-4402-B0CE-51274F6A5E29}.Debug|x64.ActiveCfg = Debug|Any CPU
		{61A17BA7-92A6-4402-B0CE-51274F6A5E29}.Debug|x64.Build.0 = Debug|Any CPU
		{61A17BA7-92A6-4402-B0CE-51274F6A5E29}.Debug|x86.ActiveCfg = Debug|Any CPU
		{61A17BA7-92A6-4402-B0CE-51274F6A5E29}.Debug|x86.Build.0 = Debug|Any CPU
		{61A17BA7-92A6-4402-B0CE-51274F6A5E29}.Release|Any CPU.ActiveCfg = Release|Any CPU
		{61A17BA7-92A6-4402-B0CE-51274F6A5E29}.Release|Any CPU.Build.0 = Release|Any CPU
		{61A17BA7-92A6-4402-B0CE-51274F6A5E29}.Release|ARM.ActiveCfg = Release|Any CPU
		{61A17BA7-92A6-4402-B0CE-51274F6A5E29}.Release|ARM.Build.0 = Release|Any CPU
		{61A17BA7-92A6-4402-B0CE-51274F6A5E29}.Release|iPhone.ActiveCfg = Release|Any CPU
		{61A17BA7-92A6-4402-B0CE-51274F6A5E29}.Release|iPhone.Build.0 = Release|Any CPU
		{61A17BA7-92A6-4402-B0CE-51274F6A5E29}.Release|iPhoneSimulator.ActiveCfg = Release|Any CPU
		{61A17BA7-92A6-4402-B0CE-51274F6A5E29}.Release|iPhoneSimulator.Build.0 = Release|Any CPU
		{61A17BA7-92A6-4402-B0CE-51274F6A5E29}.Release|x64.ActiveCfg = Release|Any CPU
		{61A17BA7-92A6-4402-B0CE-51274F6A5E29}.Release|x64.Build.0 = Release|Any CPU
		{61A17BA7-92A6-4402-B0CE-51274F6A5E29}.Release|x86.ActiveCfg = Release|Any CPU
		{61A17BA7-92A6-4402-B0CE-51274F6A5E29}.Release|x86.Build.0 = Release|Any CPU
		{9FB6448A-58B4-4377-A16E-C5587B6D0F9A}.Ad-Hoc|Any CPU.ActiveCfg = Debug|Any CPU
		{9FB6448A-58B4-4377-A16E-C5587B6D0F9A}.Ad-Hoc|Any CPU.Build.0 = Debug|Any CPU
		{9FB6448A-58B4-4377-A16E-C5587B6D0F9A}.Ad-Hoc|ARM.ActiveCfg = Debug|Any CPU
		{9FB6448A-58B4-4377-A16E-C5587B6D0F9A}.Ad-Hoc|ARM.Build.0 = Debug|Any CPU
		{9FB6448A-58B4-4377-A16E-C5587B6D0F9A}.Ad-Hoc|iPhone.ActiveCfg = Debug|Any CPU
		{9FB6448A-58B4-4377-A16E-C5587B6D0F9A}.Ad-Hoc|iPhone.Build.0 = Debug|Any CPU
		{9FB6448A-58B4-4377-A16E-C5587B6D0F9A}.Ad-Hoc|iPhoneSimulator.ActiveCfg = Debug|Any CPU
		{9FB6448A-58B4-4377-A16E-C5587B6D0F9A}.Ad-Hoc|iPhoneSimulator.Build.0 = Debug|Any CPU
		{9FB6448A-58B4-4377-A16E-C5587B6D0F9A}.Ad-Hoc|x64.ActiveCfg = Debug|Any CPU
		{9FB6448A-58B4-4377-A16E-C5587B6D0F9A}.Ad-Hoc|x64.Build.0 = Debug|Any CPU
		{9FB6448A-58B4-4377-A16E-C5587B6D0F9A}.Ad-Hoc|x86.ActiveCfg = Debug|Any CPU
		{9FB6448A-58B4-4377-A16E-C5587B6D0F9A}.Ad-Hoc|x86.Build.0 = Debug|Any CPU
		{9FB6448A-58B4-4377-A16E-C5587B6D0F9A}.AppStore|Any CPU.ActiveCfg = Debug|Any CPU
		{9FB6448A-58B4-4377-A16E-C5587B6D0F9A}.AppStore|Any CPU.Build.0 = Debug|Any CPU
		{9FB6448A-58B4-4377-A16E-C5587B6D0F9A}.AppStore|ARM.ActiveCfg = Debug|Any CPU
		{9FB6448A-58B4-4377-A16E-C5587B6D0F9A}.AppStore|ARM.Build.0 = Debug|Any CPU
		{9FB6448A-58B4-4377-A16E-C5587B6D0F9A}.AppStore|iPhone.ActiveCfg = Debug|Any CPU
		{9FB6448A-58B4-4377-A16E-C5587B6D0F9A}.AppStore|iPhone.Build.0 = Debug|Any CPU
		{9FB6448A-58B4-4377-A16E-C5587B6D0F9A}.AppStore|iPhoneSimulator.ActiveCfg = Debug|Any CPU
		{9FB6448A-58B4-4377-A16E-C5587B6D0F9A}.AppStore|iPhoneSimulator.Build.0 = Debug|Any CPU
		{9FB6448A-58B4-4377-A16E-C5587B6D0F9A}.AppStore|x64.ActiveCfg = Debug|Any CPU
		{9FB6448A-58B4-4377-A16E-C5587B6D0F9A}.AppStore|x64.Build.0 = Debug|Any CPU
		{9FB6448A-58B4-4377-A16E-C5587B6D0F9A}.AppStore|x86.ActiveCfg = Debug|Any CPU
		{9FB6448A-58B4-4377-A16E-C5587B6D0F9A}.AppStore|x86.Build.0 = Debug|Any CPU
		{9FB6448A-58B4-4377-A16E-C5587B6D0F9A}.Debug|Any CPU.ActiveCfg = Debug|Any CPU
		{9FB6448A-58B4-4377-A16E-C5587B6D0F9A}.Debug|Any CPU.Build.0 = Debug|Any CPU
		{9FB6448A-58B4-4377-A16E-C5587B6D0F9A}.Debug|ARM.ActiveCfg = Debug|Any CPU
		{9FB6448A-58B4-4377-A16E-C5587B6D0F9A}.Debug|ARM.Build.0 = Debug|Any CPU
		{9FB6448A-58B4-4377-A16E-C5587B6D0F9A}.Debug|iPhone.ActiveCfg = Debug|Any CPU
		{9FB6448A-58B4-4377-A16E-C5587B6D0F9A}.Debug|iPhone.Build.0 = Debug|Any CPU
		{9FB6448A-58B4-4377-A16E-C5587B6D0F9A}.Debug|iPhoneSimulator.ActiveCfg = Debug|Any CPU
		{9FB6448A-58B4-4377-A16E-C5587B6D0F9A}.Debug|iPhoneSimulator.Build.0 = Debug|Any CPU
		{9FB6448A-58B4-4377-A16E-C5587B6D0F9A}.Debug|x64.ActiveCfg = Debug|Any CPU
		{9FB6448A-58B4-4377-A16E-C5587B6D0F9A}.Debug|x64.Build.0 = Debug|Any CPU
		{9FB6448A-58B4-4377-A16E-C5587B6D0F9A}.Debug|x86.ActiveCfg = Debug|Any CPU
		{9FB6448A-58B4-4377-A16E-C5587B6D0F9A}.Debug|x86.Build.0 = Debug|Any CPU
		{9FB6448A-58B4-4377-A16E-C5587B6D0F9A}.Release|Any CPU.ActiveCfg = Release|Any CPU
		{9FB6448A-58B4-4377-A16E-C5587B6D0F9A}.Release|Any CPU.Build.0 = Release|Any CPU
		{9FB6448A-58B4-4377-A16E-C5587B6D0F9A}.Release|ARM.ActiveCfg = Release|Any CPU
		{9FB6448A-58B4-4377-A16E-C5587B6D0F9A}.Release|ARM.Build.0 = Release|Any CPU
		{9FB6448A-58B4-4377-A16E-C5587B6D0F9A}.Release|iPhone.ActiveCfg = Release|Any CPU
		{9FB6448A-58B4-4377-A16E-C5587B6D0F9A}.Release|iPhone.Build.0 = Release|Any CPU
		{9FB6448A-58B4-4377-A16E-C5587B6D0F9A}.Release|iPhoneSimulator.ActiveCfg = Release|Any CPU
		{9FB6448A-58B4-4377-A16E-C5587B6D0F9A}.Release|iPhoneSimulator.Build.0 = Release|Any CPU
		{9FB6448A-58B4-4377-A16E-C5587B6D0F9A}.Release|x64.ActiveCfg = Release|Any CPU
		{9FB6448A-58B4-4377-A16E-C5587B6D0F9A}.Release|x64.Build.0 = Release|Any CPU
		{9FB6448A-58B4-4377-A16E-C5587B6D0F9A}.Release|x86.ActiveCfg = Release|Any CPU
		{9FB6448A-58B4-4377-A16E-C5587B6D0F9A}.Release|x86.Build.0 = Release|Any CPU
	EndGlobalSection
	GlobalSection(SolutionProperties) = preSolution
		HideSolutionNode = FALSE
	EndGlobalSection
	GlobalSection(ExtensibilityGlobals) = postSolution
		SolutionGuid = {BAD0AE91-1199-4BD7-A862-2696732B2C06}
	EndGlobalSection
	GlobalSection(MonoDevelopProperties) = preSolution
		Policies = $0
		$0.DotNetNamingPolicy = $1
		$1.DirectoryNamespaceAssociation = PrefixedHierarchical
		$0.StandardHeader = $2
		description = @HATE\n\nThe Deltarune/Undertale Corruptor.\n\nHowdy! I'm RED. RED the [REDACTED]!\n\nAnd this is the Undertale Corruptor! What does it do, you may ask? It allows you to shuffle game's internal data around, corrupting music, gfx and text as a result. Interested?
		version = 4.0
	EndGlobalSection
EndGlobal
